// !$*UTF8*$!
{
	archiveVersion = 1;
	classes = {
	};
	objectVersion = 56;
	objects = {

/* Begin PBXBuildFile section */
		088C90CA28DA33EB0032650A /* AppDelegate.swift in Sources */ = {isa = PBXBuildFile; fileRef = 088C90C928DA33EB0032650A /* AppDelegate.swift */; };
		088C90CC28DA33EB0032650A /* SceneDelegate.swift in Sources */ = {isa = PBXBuildFile; fileRef = 088C90CB28DA33EB0032650A /* SceneDelegate.swift */; };
		088C90D128DA33EB0032650A /* Main.storyboard in Resources */ = {isa = PBXBuildFile; fileRef = 088C90CF28DA33EB0032650A /* Main.storyboard */; };
		088C90D328DA33EC0032650A /* Assets.xcassets in Resources */ = {isa = PBXBuildFile; fileRef = 088C90D228DA33EC0032650A /* Assets.xcassets */; };
		088C90D628DA33EC0032650A /* LaunchScreen.storyboard in Resources */ = {isa = PBXBuildFile; fileRef = 088C90D428DA33EC0032650A /* LaunchScreen.storyboard */; };
		088C90DE28DA38450032650A /* GoogleService-Info.plist in Resources */ = {isa = PBXBuildFile; fileRef = 088C90DD28DA38450032650A /* GoogleService-Info.plist */; };
		08B3FEED28DC78D80008E317 /* NSAttributedString+Attributes.swift in Sources */ = {isa = PBXBuildFile; fileRef = 08B3FEEC28DC78D80008E317 /* NSAttributedString+Attributes.swift */; };
		08B3FEEF28DC8F910008E317 /* ProfileTableViewController.swift in Sources */ = {isa = PBXBuildFile; fileRef = 08B3FEEE28DC8F910008E317 /* ProfileTableViewController.swift */; };
		08B5DCC128E623D500EC0FE8 /* LikeTableViewCell.swift in Sources */ = {isa = PBXBuildFile; fileRef = 08B5DCC028E623D500EC0FE8 /* LikeTableViewCell.swift */; };
		08B5DCC328E629B200EC0FE8 /* MatchObject.swift in Sources */ = {isa = PBXBuildFile; fileRef = 08B5DCC228E629B100EC0FE8 /* MatchObject.swift */; };
		08B5DCC528E62C9700EC0FE8 /* MatchViewController.swift in Sources */ = {isa = PBXBuildFile; fileRef = 08B5DCC428E62C9700EC0FE8 /* MatchViewController.swift */; };
		08B5DCC728E7040600EC0FE8 /* NewMatchCollectionViewCell.swift in Sources */ = {isa = PBXBuildFile; fileRef = 08B5DCC628E7040500EC0FE8 /* NewMatchCollectionViewCell.swift */; };
		08B5DCC928E705CB00EC0FE8 /* RecentTableViewCell.swift in Sources */ = {isa = PBXBuildFile; fileRef = 08B5DCC828E705CB00EC0FE8 /* RecentTableViewCell.swift */; };
		08B5DCCB28E707F400EC0FE8 /* RecentViewController.swift in Sources */ = {isa = PBXBuildFile; fileRef = 08B5DCCA28E707F400EC0FE8 /* RecentViewController.swift */; };
		08B5DCCD28E723FA00EC0FE8 /* RecentChat.swift in Sources */ = {isa = PBXBuildFile; fileRef = 08B5DCCC28E723FA00EC0FE8 /* RecentChat.swift */; };
		08B5DCCF28E87D4100EC0FE8 /* ChatViewController.swift in Sources */ = {isa = PBXBuildFile; fileRef = 08B5DCCE28E87D4100EC0FE8 /* ChatViewController.swift */; };
		08B8105C28EC5F7300789B4A /* MKMessage.swift in Sources */ = {isa = PBXBuildFile; fileRef = 08B8105B28EC5F7300789B4A /* MKMessage.swift */; };
		08B8105E28EC604600789B4A /* MessageDefaults.swift in Sources */ = {isa = PBXBuildFile; fileRef = 08B8105D28EC604600789B4A /* MessageDefaults.swift */; };
		08B8106028EC634400789B4A /* PhotoMessage.swift in Sources */ = {isa = PBXBuildFile; fileRef = 08B8105F28EC634400789B4A /* PhotoMessage.swift */; };
		08B8106228EDA9F800789B4A /* OutgoingMessage.swift in Sources */ = {isa = PBXBuildFile; fileRef = 08B8106128EDA9F800789B4A /* OutgoingMessage.swift */; };
		08B8106428EEE7EC00789B4A /* IncomingMessage.swift in Sources */ = {isa = PBXBuildFile; fileRef = 08B8106328EEE7EC00789B4A /* IncomingMessage.swift */; };
		08D76F9428E325AA007B43DA /* UserProfileTableViewController.swift in Sources */ = {isa = PBXBuildFile; fileRef = 08D76F9328E325AA007B43DA /* UserProfileTableViewController.swift */; };
		08D76F9728E33972007B43DA /* ImageCollectionViewCell.swift in Sources */ = {isa = PBXBuildFile; fileRef = 08D76F9628E33972007B43DA /* ImageCollectionViewCell.swift */; };
		08D76F9A28E37B29007B43DA /* LikedObject.swift in Sources */ = {isa = PBXBuildFile; fileRef = 08D76F9928E37B29007B43DA /* LikedObject.swift */; };
		08D76F9C28E447C5007B43DA /* GlobalFunctions.swift in Sources */ = {isa = PBXBuildFile; fileRef = 08D76F9B28E447C5007B43DA /* GlobalFunctions.swift */; };
		08DE162428E4942300F19FD6 /* NotificationsViewController.swift in Sources */ = {isa = PBXBuildFile; fileRef = 08DE162328E4942300F19FD6 /* NotificationsViewController.swift */; };
		08EBD2F028EAF59300C6E3E5 /* Message.swift in Sources */ = {isa = PBXBuildFile; fileRef = 08EBD2EF28EAF59300C6E3E5 /* Message.swift */; };
		08F04E3628DDC916002D2A16 /* FileStorage.swift in Sources */ = {isa = PBXBuildFile; fileRef = 08F04E3528DDC916002D2A16 /* FileStorage.swift */; };
		08F04E3928DEF74F002D2A16 /* CardViewController.swift in Sources */ = {isa = PBXBuildFile; fileRef = 08F04E3828DEF74F002D2A16 /* CardViewController.swift */; };
		08F04E3C28DF0EEB002D2A16 /* UserCard.swift in Sources */ = {isa = PBXBuildFile; fileRef = 08F04E3B28DF0EEB002D2A16 /* UserCard.swift */; };
		08F04E3F28DF1115002D2A16 /* UserCardModel.swift in Sources */ = {isa = PBXBuildFile; fileRef = 08F04E3E28DF1115002D2A16 /* UserCardModel.swift */; };
		08F04E4128DF1171002D2A16 /* UserCardOverlay.swift in Sources */ = {isa = PBXBuildFile; fileRef = 08F04E4028DF1171002D2A16 /* UserCardOverlay.swift */; };
		08F04E4328DF1603002D2A16 /* UserCardContentView.swift in Sources */ = {isa = PBXBuildFile; fileRef = 08F04E4228DF1603002D2A16 /* UserCardContentView.swift */; };
		08F04E4528DF1CCB002D2A16 /* UserCardFooterView.swift in Sources */ = {isa = PBXBuildFile; fileRef = 08F04E4428DF1CCB002D2A16 /* UserCardFooterView.swift */; };
		08F04E4828DF1D9C002D2A16 /* Date+String&Interval.swift in Sources */ = {isa = PBXBuildFile; fileRef = 08F04E4728DF1D9C002D2A16 /* Date+String&Interval.swift */; };
		08F04E4A28DF1DBD002D2A16 /* UIColor.swift in Sources */ = {isa = PBXBuildFile; fileRef = 08F04E4928DF1DBD002D2A16 /* UIColor.swift */; };
		08F04E4C28DF1DD4002D2A16 /* UIImage+circleMasked.swift in Sources */ = {isa = PBXBuildFile; fileRef = 08F04E4B28DF1DD4002D2A16 /* UIImage+circleMasked.swift */; };
		08F04E4E28DF1DF9002D2A16 /* UIView+Anchors&Shadow.swift in Sources */ = {isa = PBXBuildFile; fileRef = 08F04E4D28DF1DF9002D2A16 /* UIView+Anchors&Shadow.swift */; };
		08F2376828DB1B8E00D7A511 /* WelcomeViewController.swift in Sources */ = {isa = PBXBuildFile; fileRef = 08F2376728DB1B8E00D7A511 /* WelcomeViewController.swift */; };
		08F2376A28DB1BAC00D7A511 /* RegisterViewController.swift in Sources */ = {isa = PBXBuildFile; fileRef = 08F2376928DB1BAC00D7A511 /* RegisterViewController.swift */; };
		08F2376C28DB257800D7A511 /* FirebaseUser.swift in Sources */ = {isa = PBXBuildFile; fileRef = 08F2376B28DB257800D7A511 /* FirebaseUser.swift */; };
		08F2376E28DB40C000D7A511 /* Constants.swift in Sources */ = {isa = PBXBuildFile; fileRef = 08F2376D28DB40C000D7A511 /* Constants.swift */; };
		08F2377328DB48EF00D7A511 /* FirebaseCollectionReference.swift in Sources */ = {isa = PBXBuildFile; fileRef = 08F2377228DB48EF00D7A511 /* FirebaseCollectionReference.swift */; };
		08F2377528DB4A0000D7A511 /* FirebaseListener.swift in Sources */ = {isa = PBXBuildFile; fileRef = 08F2377428DB4A0000D7A511 /* FirebaseListener.swift */; };
		EDCF7CF18EEDF64EB44EFDB6 /* Pods_Grinder.framework in Frameworks */ = {isa = PBXBuildFile; fileRef = 8120EB14C5E76E8E06104130 /* Pods_Grinder.framework */; };
/* End PBXBuildFile section */

/* Begin PBXFileReference section */
		088C90C628DA33EB0032650A /* Grinder.app */ = {isa = PBXFileReference; explicitFileType = wrapper.application; includeInIndex = 0; path = Grinder.app; sourceTree = BUILT_PRODUCTS_DIR; };
		088C90C928DA33EB0032650A /* AppDelegate.swift */ = {isa = PBXFileReference; lastKnownFileType = sourcecode.swift; path = AppDelegate.swift; sourceTree = "<group>"; };
		088C90CB28DA33EB0032650A /* SceneDelegate.swift */ = {isa = PBXFileReference; lastKnownFileType = sourcecode.swift; path = SceneDelegate.swift; sourceTree = "<group>"; };
		088C90D028DA33EB0032650A /* Base */ = {isa = PBXFileReference; lastKnownFileType = file.storyboard; name = Base; path = Base.lproj/Main.storyboard; sourceTree = "<group>"; };
		088C90D228DA33EC0032650A /* Assets.xcassets */ = {isa = PBXFileReference; lastKnownFileType = folder.assetcatalog; path = Assets.xcassets; sourceTree = "<group>"; };
		088C90D528DA33EC0032650A /* Base */ = {isa = PBXFileReference; lastKnownFileType = file.storyboard; name = Base; path = Base.lproj/LaunchScreen.storyboard; sourceTree = "<group>"; };
		088C90D728DA33ED0032650A /* Info.plist */ = {isa = PBXFileReference; lastKnownFileType = text.plist.xml; path = Info.plist; sourceTree = "<group>"; };
		088C90DD28DA38450032650A /* GoogleService-Info.plist */ = {isa = PBXFileReference; fileEncoding = 4; lastKnownFileType = text.plist.xml; path = "GoogleService-Info.plist"; sourceTree = "<group>"; };
		08B3FEEC28DC78D80008E317 /* NSAttributedString+Attributes.swift */ = {isa = PBXFileReference; lastKnownFileType = sourcecode.swift; path = "NSAttributedString+Attributes.swift"; sourceTree = "<group>"; };
		08B3FEEE28DC8F910008E317 /* ProfileTableViewController.swift */ = {isa = PBXFileReference; lastKnownFileType = sourcecode.swift; path = ProfileTableViewController.swift; sourceTree = "<group>"; };
		08B5DCC028E623D500EC0FE8 /* LikeTableViewCell.swift */ = {isa = PBXFileReference; lastKnownFileType = sourcecode.swift; path = LikeTableViewCell.swift; sourceTree = "<group>"; };
		08B5DCC228E629B100EC0FE8 /* MatchObject.swift */ = {isa = PBXFileReference; lastKnownFileType = sourcecode.swift; path = MatchObject.swift; sourceTree = "<group>"; };
		08B5DCC428E62C9700EC0FE8 /* MatchViewController.swift */ = {isa = PBXFileReference; lastKnownFileType = sourcecode.swift; path = MatchViewController.swift; sourceTree = "<group>"; };
		08B5DCC628E7040500EC0FE8 /* NewMatchCollectionViewCell.swift */ = {isa = PBXFileReference; lastKnownFileType = sourcecode.swift; path = NewMatchCollectionViewCell.swift; sourceTree = "<group>"; };
		08B5DCC828E705CB00EC0FE8 /* RecentTableViewCell.swift */ = {isa = PBXFileReference; lastKnownFileType = sourcecode.swift; path = RecentTableViewCell.swift; sourceTree = "<group>"; };
		08B5DCCA28E707F400EC0FE8 /* RecentViewController.swift */ = {isa = PBXFileReference; lastKnownFileType = sourcecode.swift; path = RecentViewController.swift; sourceTree = "<group>"; };
		08B5DCCC28E723FA00EC0FE8 /* RecentChat.swift */ = {isa = PBXFileReference; lastKnownFileType = sourcecode.swift; path = RecentChat.swift; sourceTree = "<group>"; };
		08B5DCCE28E87D4100EC0FE8 /* ChatViewController.swift */ = {isa = PBXFileReference; lastKnownFileType = sourcecode.swift; path = ChatViewController.swift; sourceTree = "<group>"; };
		08B8105B28EC5F7300789B4A /* MKMessage.swift */ = {isa = PBXFileReference; lastKnownFileType = sourcecode.swift; path = MKMessage.swift; sourceTree = "<group>"; };
		08B8105D28EC604600789B4A /* MessageDefaults.swift */ = {isa = PBXFileReference; lastKnownFileType = sourcecode.swift; path = MessageDefaults.swift; sourceTree = "<group>"; };
		08B8105F28EC634400789B4A /* PhotoMessage.swift */ = {isa = PBXFileReference; lastKnownFileType = sourcecode.swift; path = PhotoMessage.swift; sourceTree = "<group>"; };
		08B8106128EDA9F800789B4A /* OutgoingMessage.swift */ = {isa = PBXFileReference; lastKnownFileType = sourcecode.swift; path = OutgoingMessage.swift; sourceTree = "<group>"; };
		08B8106328EEE7EC00789B4A /* IncomingMessage.swift */ = {isa = PBXFileReference; lastKnownFileType = sourcecode.swift; path = IncomingMessage.swift; sourceTree = "<group>"; };
		08D76F9328E325AA007B43DA /* UserProfileTableViewController.swift */ = {isa = PBXFileReference; lastKnownFileType = sourcecode.swift; path = UserProfileTableViewController.swift; sourceTree = "<group>"; };
		08D76F9628E33972007B43DA /* ImageCollectionViewCell.swift */ = {isa = PBXFileReference; lastKnownFileType = sourcecode.swift; path = ImageCollectionViewCell.swift; sourceTree = "<group>"; };
		08D76F9928E37B29007B43DA /* LikedObject.swift */ = {isa = PBXFileReference; lastKnownFileType = sourcecode.swift; path = LikedObject.swift; sourceTree = "<group>"; };
		08D76F9B28E447C5007B43DA /* GlobalFunctions.swift */ = {isa = PBXFileReference; lastKnownFileType = sourcecode.swift; path = GlobalFunctions.swift; sourceTree = "<group>"; };
		08DE162328E4942300F19FD6 /* NotificationsViewController.swift */ = {isa = PBXFileReference; lastKnownFileType = sourcecode.swift; path = NotificationsViewController.swift; sourceTree = "<group>"; };
		08EBD2EF28EAF59300C6E3E5 /* Message.swift */ = {isa = PBXFileReference; lastKnownFileType = sourcecode.swift; path = Message.swift; sourceTree = "<group>"; };
		08F04E3528DDC916002D2A16 /* FileStorage.swift */ = {isa = PBXFileReference; lastKnownFileType = sourcecode.swift; path = FileStorage.swift; sourceTree = "<group>"; };
		08F04E3828DEF74F002D2A16 /* CardViewController.swift */ = {isa = PBXFileReference; lastKnownFileType = sourcecode.swift; path = CardViewController.swift; sourceTree = "<group>"; };
		08F04E3B28DF0EEB002D2A16 /* UserCard.swift */ = {isa = PBXFileReference; lastKnownFileType = sourcecode.swift; path = UserCard.swift; sourceTree = "<group>"; };
		08F04E3E28DF1115002D2A16 /* UserCardModel.swift */ = {isa = PBXFileReference; lastKnownFileType = sourcecode.swift; path = UserCardModel.swift; sourceTree = "<group>"; };
		08F04E4028DF1171002D2A16 /* UserCardOverlay.swift */ = {isa = PBXFileReference; lastKnownFileType = sourcecode.swift; path = UserCardOverlay.swift; sourceTree = "<group>"; };
		08F04E4228DF1603002D2A16 /* UserCardContentView.swift */ = {isa = PBXFileReference; lastKnownFileType = sourcecode.swift; path = UserCardContentView.swift; sourceTree = "<group>"; };
		08F04E4428DF1CCB002D2A16 /* UserCardFooterView.swift */ = {isa = PBXFileReference; lastKnownFileType = sourcecode.swift; path = UserCardFooterView.swift; sourceTree = "<group>"; };
		08F04E4728DF1D9C002D2A16 /* Date+String&Interval.swift */ = {isa = PBXFileReference; lastKnownFileType = sourcecode.swift; path = "Date+String&Interval.swift"; sourceTree = "<group>"; };
		08F04E4928DF1DBD002D2A16 /* UIColor.swift */ = {isa = PBXFileReference; lastKnownFileType = sourcecode.swift; path = UIColor.swift; sourceTree = "<group>"; };
		08F04E4B28DF1DD4002D2A16 /* UIImage+circleMasked.swift */ = {isa = PBXFileReference; lastKnownFileType = sourcecode.swift; path = "UIImage+circleMasked.swift"; sourceTree = "<group>"; };
		08F04E4D28DF1DF9002D2A16 /* UIView+Anchors&Shadow.swift */ = {isa = PBXFileReference; lastKnownFileType = sourcecode.swift; path = "UIView+Anchors&Shadow.swift"; sourceTree = "<group>"; };
		08F2376728DB1B8E00D7A511 /* WelcomeViewController.swift */ = {isa = PBXFileReference; lastKnownFileType = sourcecode.swift; path = WelcomeViewController.swift; sourceTree = "<group>"; };
		08F2376928DB1BAC00D7A511 /* RegisterViewController.swift */ = {isa = PBXFileReference; lastKnownFileType = sourcecode.swift; path = RegisterViewController.swift; sourceTree = "<group>"; };
		08F2376B28DB257800D7A511 /* FirebaseUser.swift */ = {isa = PBXFileReference; lastKnownFileType = sourcecode.swift; path = FirebaseUser.swift; sourceTree = "<group>"; };
		08F2376D28DB40C000D7A511 /* Constants.swift */ = {isa = PBXFileReference; lastKnownFileType = sourcecode.swift; path = Constants.swift; sourceTree = "<group>"; };
		08F2377228DB48EF00D7A511 /* FirebaseCollectionReference.swift */ = {isa = PBXFileReference; lastKnownFileType = sourcecode.swift; path = FirebaseCollectionReference.swift; sourceTree = "<group>"; };
		08F2377428DB4A0000D7A511 /* FirebaseListener.swift */ = {isa = PBXFileReference; lastKnownFileType = sourcecode.swift; path = FirebaseListener.swift; sourceTree = "<group>"; };
		8120EB14C5E76E8E06104130 /* Pods_Grinder.framework */ = {isa = PBXFileReference; explicitFileType = wrapper.framework; includeInIndex = 0; path = Pods_Grinder.framework; sourceTree = BUILT_PRODUCTS_DIR; };
		B55D16C9FFCEC406AD52C95C /* Pods-Grinder.release.xcconfig */ = {isa = PBXFileReference; includeInIndex = 1; lastKnownFileType = text.xcconfig; name = "Pods-Grinder.release.xcconfig"; path = "Target Support Files/Pods-Grinder/Pods-Grinder.release.xcconfig"; sourceTree = "<group>"; };
		BACB25E1D5B08FD9F15343F1 /* Pods-Grinder.debug.xcconfig */ = {isa = PBXFileReference; includeInIndex = 1; lastKnownFileType = text.xcconfig; name = "Pods-Grinder.debug.xcconfig"; path = "Target Support Files/Pods-Grinder/Pods-Grinder.debug.xcconfig"; sourceTree = "<group>"; };
/* End PBXFileReference section */

/* Begin PBXFrameworksBuildPhase section */
		088C90C328DA33EB0032650A /* Frameworks */ = {
			isa = PBXFrameworksBuildPhase;
			buildActionMask = 2147483647;
			files = (
				EDCF7CF18EEDF64EB44EFDB6 /* Pods_Grinder.framework in Frameworks */,
			);
			runOnlyForDeploymentPostprocessing = 0;
		};
/* End PBXFrameworksBuildPhase section */

/* Begin PBXGroup section */
		088C90BD28DA33EB0032650A = {
			isa = PBXGroup;
			children = (
				088C90C828DA33EB0032650A /* Grinder */,
				088C90C728DA33EB0032650A /* Products */,
				80BB888D7040AE057B635A2C /* Pods */,
				A8510339EB15417BA1DDD9C1 /* Frameworks */,
			);
			sourceTree = "<group>";
		};
		088C90C728DA33EB0032650A /* Products */ = {
			isa = PBXGroup;
			children = (
				088C90C628DA33EB0032650A /* Grinder.app */,
			);
			name = Products;
			sourceTree = "<group>";
		};
		088C90C828DA33EB0032650A /* Grinder */ = {
			isa = PBXGroup;
			children = (
				088C90C928DA33EB0032650A /* AppDelegate.swift */,
				088C90CB28DA33EB0032650A /* SceneDelegate.swift */,
				08F2377128DB489D00D7A511 /* WelcomeScreen */,
				08F04E3A28DF0EB6002D2A16 /* MainViews */,
				08D76F9828E3398C007B43DA /* CustomCells */,
				08F2376F28DB488400D7A511 /* Model */,
				08F04E3728DE0B68002D2A16 /* FirebaseHelpers */,
				08F2377028DB489300D7A511 /* Helpers */,
				088C90CF28DA33EB0032650A /* Main.storyboard */,
				088C90D228DA33EC0032650A /* Assets.xcassets */,
				088C90D428DA33EC0032650A /* LaunchScreen.storyboard */,
				088C90D728DA33ED0032650A /* Info.plist */,
				088C90DD28DA38450032650A /* GoogleService-Info.plist */,
			);
			path = Grinder;
			sourceTree = "<group>";
		};
		08D76F9528E33940007B43DA /* SecondaryViews */ = {
			isa = PBXGroup;
			children = (
				08D76F9328E325AA007B43DA /* UserProfileTableViewController.swift */,
				08B5DCC428E62C9700EC0FE8 /* MatchViewController.swift */,
				08B5DCCE28E87D4100EC0FE8 /* ChatViewController.swift */,
			);
			path = SecondaryViews;
			sourceTree = "<group>";
		};
		08D76F9828E3398C007B43DA /* CustomCells */ = {
			isa = PBXGroup;
			children = (
				08D76F9628E33972007B43DA /* ImageCollectionViewCell.swift */,
				08B5DCC028E623D500EC0FE8 /* LikeTableViewCell.swift */,
				08B5DCC628E7040500EC0FE8 /* NewMatchCollectionViewCell.swift */,
				08B5DCC828E705CB00EC0FE8 /* RecentTableViewCell.swift */,
			);
			path = CustomCells;
			sourceTree = "<group>";
		};
		08F04E3728DE0B68002D2A16 /* FirebaseHelpers */ = {
			isa = PBXGroup;
			children = (
				08F04E3528DDC916002D2A16 /* FileStorage.swift */,
				08F2377228DB48EF00D7A511 /* FirebaseCollectionReference.swift */,
				08F2377428DB4A0000D7A511 /* FirebaseListener.swift */,
			);
			path = FirebaseHelpers;
			sourceTree = "<group>";
		};
		08F04E3A28DF0EB6002D2A16 /* MainViews */ = {
			isa = PBXGroup;
			children = (
				08F04E3828DEF74F002D2A16 /* CardViewController.swift */,
				08DE162328E4942300F19FD6 /* NotificationsViewController.swift */,
				08B5DCCA28E707F400EC0FE8 /* RecentViewController.swift */,
				08B3FEEE28DC8F910008E317 /* ProfileTableViewController.swift */,
				08D76F9528E33940007B43DA /* SecondaryViews */,
			);
			path = MainViews;
			sourceTree = "<group>";
		};
		08F04E3D28DF10F5002D2A16 /* CardViews */ = {
			isa = PBXGroup;
			children = (
				08F04E3B28DF0EEB002D2A16 /* UserCard.swift */,
				08F04E3E28DF1115002D2A16 /* UserCardModel.swift */,
				08F04E4028DF1171002D2A16 /* UserCardOverlay.swift */,
				08F04E4228DF1603002D2A16 /* UserCardContentView.swift */,
				08F04E4428DF1CCB002D2A16 /* UserCardFooterView.swift */,
			);
			path = CardViews;
			sourceTree = "<group>";
		};
		08F04E4628DF1D72002D2A16 /* Extensions */ = {
			isa = PBXGroup;
			children = (
				08F04E4928DF1DBD002D2A16 /* UIColor.swift */,
				08B3FEEC28DC78D80008E317 /* NSAttributedString+Attributes.swift */,
				08F04E4B28DF1DD4002D2A16 /* UIImage+circleMasked.swift */,
				08F04E4728DF1D9C002D2A16 /* Date+String&Interval.swift */,
				08F04E4D28DF1DF9002D2A16 /* UIView+Anchors&Shadow.swift */,
			);
			path = Extensions;
			sourceTree = "<group>";
		};
		08F2376F28DB488400D7A511 /* Model */ = {
			isa = PBXGroup;
			children = (
				08F2376B28DB257800D7A511 /* FirebaseUser.swift */,
				08D76F9928E37B29007B43DA /* LikedObject.swift */,
				08B5DCC228E629B100EC0FE8 /* MatchObject.swift */,
				08B5DCCC28E723FA00EC0FE8 /* RecentChat.swift */,
				08B8105B28EC5F7300789B4A /* MKMessage.swift */,
				08B8105F28EC634400789B4A /* PhotoMessage.swift */,
				08EBD2EF28EAF59300C6E3E5 /* Message.swift */,
				08B8106128EDA9F800789B4A /* OutgoingMessage.swift */,
				08B8106328EEE7EC00789B4A /* IncomingMessage.swift */,
				08F04E3D28DF10F5002D2A16 /* CardViews */,
			);
			path = Model;
			sourceTree = "<group>";
		};
		08F2377028DB489300D7A511 /* Helpers */ = {
			isa = PBXGroup;
			children = (
				08F2376D28DB40C000D7A511 /* Constants.swift */,
				08D76F9B28E447C5007B43DA /* GlobalFunctions.swift */,
				08B8105D28EC604600789B4A /* MessageDefaults.swift */,
				08F04E4628DF1D72002D2A16 /* Extensions */,
			);
			path = Helpers;
			sourceTree = "<group>";
		};
		08F2377128DB489D00D7A511 /* WelcomeScreen */ = {
			isa = PBXGroup;
			children = (
				08F2376728DB1B8E00D7A511 /* WelcomeViewController.swift */,
				08F2376928DB1BAC00D7A511 /* RegisterViewController.swift */,
			);
			path = WelcomeScreen;
			sourceTree = "<group>";
		};
		80BB888D7040AE057B635A2C /* Pods */ = {
			isa = PBXGroup;
			children = (
				BACB25E1D5B08FD9F15343F1 /* Pods-Grinder.debug.xcconfig */,
				B55D16C9FFCEC406AD52C95C /* Pods-Grinder.release.xcconfig */,
			);
			path = Pods;
			sourceTree = "<group>";
		};
		A8510339EB15417BA1DDD9C1 /* Frameworks */ = {
			isa = PBXGroup;
			children = (
				8120EB14C5E76E8E06104130 /* Pods_Grinder.framework */,
			);
			name = Frameworks;
			sourceTree = "<group>";
		};
/* End PBXGroup section */

/* Begin PBXNativeTarget section */
		088C90C528DA33EB0032650A /* Grinder */ = {
			isa = PBXNativeTarget;
			buildConfigurationList = 088C90DA28DA33ED0032650A /* Build configuration list for PBXNativeTarget "Grinder" */;
			buildPhases = (
				EEBFA22D00E683F6D1F8F63B /* [CP] Check Pods Manifest.lock */,
				088C90C228DA33EB0032650A /* Sources */,
				088C90C328DA33EB0032650A /* Frameworks */,
				088C90C428DA33EB0032650A /* Resources */,
				6A73ADB30ECC91C1CB461989 /* [CP] Embed Pods Frameworks */,
			);
			buildRules = (
			);
			dependencies = (
			);
			name = Grinder;
			productName = Grinder;
			productReference = 088C90C628DA33EB0032650A /* Grinder.app */;
			productType = "com.apple.product-type.application";
		};
/* End PBXNativeTarget section */

/* Begin PBXProject section */
		088C90BE28DA33EB0032650A /* Project object */ = {
			isa = PBXProject;
			attributes = {
				BuildIndependentTargetsInParallel = 1;
				LastSwiftUpdateCheck = 1400;
				LastUpgradeCheck = 1400;
				TargetAttributes = {
					088C90C528DA33EB0032650A = {
						CreatedOnToolsVersion = 14.0;
					};
				};
			};
			buildConfigurationList = 088C90C128DA33EB0032650A /* Build configuration list for PBXProject "Grinder" */;
			compatibilityVersion = "Xcode 14.0";
			developmentRegion = en;
			hasScannedForEncodings = 0;
			knownRegions = (
				en,
				Base,
			);
			mainGroup = 088C90BD28DA33EB0032650A;
			productRefGroup = 088C90C728DA33EB0032650A /* Products */;
			projectDirPath = "";
			projectRoot = "";
			targets = (
				088C90C528DA33EB0032650A /* Grinder */,
			);
		};
/* End PBXProject section */

/* Begin PBXResourcesBuildPhase section */
		088C90C428DA33EB0032650A /* Resources */ = {
			isa = PBXResourcesBuildPhase;
			buildActionMask = 2147483647;
			files = (
				088C90D628DA33EC0032650A /* LaunchScreen.storyboard in Resources */,
				088C90DE28DA38450032650A /* GoogleService-Info.plist in Resources */,
				088C90D328DA33EC0032650A /* Assets.xcassets in Resources */,
				088C90D128DA33EB0032650A /* Main.storyboard in Resources */,
			);
			runOnlyForDeploymentPostprocessing = 0;
		};
/* End PBXResourcesBuildPhase section */

/* Begin PBXShellScriptBuildPhase section */
		6A73ADB30ECC91C1CB461989 /* [CP] Embed Pods Frameworks */ = {
			isa = PBXShellScriptBuildPhase;
			buildActionMask = 2147483647;
			files = (
			);
			inputFileListPaths = (
				"${PODS_ROOT}/Target Support Files/Pods-Grinder/Pods-Grinder-frameworks-${CONFIGURATION}-input-files.xcfilelist",
			);
			name = "[CP] Embed Pods Frameworks";
			outputFileListPaths = (
				"${PODS_ROOT}/Target Support Files/Pods-Grinder/Pods-Grinder-frameworks-${CONFIGURATION}-output-files.xcfilelist",
			);
			runOnlyForDeploymentPostprocessing = 0;
			shellPath = /bin/sh;
			shellScript = "\"${PODS_ROOT}/Target Support Files/Pods-Grinder/Pods-Grinder-frameworks.sh\"\n";
			showEnvVarsInLog = 0;
		};
		EEBFA22D00E683F6D1F8F63B /* [CP] Check Pods Manifest.lock */ = {
			isa = PBXShellScriptBuildPhase;
			buildActionMask = 2147483647;
			files = (
			);
			inputFileListPaths = (
			);
			inputPaths = (
				"${PODS_PODFILE_DIR_PATH}/Podfile.lock",
				"${PODS_ROOT}/Manifest.lock",
			);
			name = "[CP] Check Pods Manifest.lock";
			outputFileListPaths = (
			);
			outputPaths = (
				"$(DERIVED_FILE_DIR)/Pods-Grinder-checkManifestLockResult.txt",
			);
			runOnlyForDeploymentPostprocessing = 0;
			shellPath = /bin/sh;
			shellScript = "diff \"${PODS_PODFILE_DIR_PATH}/Podfile.lock\" \"${PODS_ROOT}/Manifest.lock\" > /dev/null\nif [ $? != 0 ] ; then\n    # print error to STDERR\n    echo \"error: The sandbox is not in sync with the Podfile.lock. Run 'pod install' or update your CocoaPods installation.\" >&2\n    exit 1\nfi\n# This output is used by Xcode 'outputs' to avoid re-running this script phase.\necho \"SUCCESS\" > \"${SCRIPT_OUTPUT_FILE_0}\"\n";
			showEnvVarsInLog = 0;
		};
/* End PBXShellScriptBuildPhase section */

/* Begin PBXSourcesBuildPhase section */
		088C90C228DA33EB0032650A /* Sources */ = {
			isa = PBXSourcesBuildPhase;
			buildActionMask = 2147483647;
			files = (
				08F2377528DB4A0000D7A511 /* FirebaseListener.swift in Sources */,
				08B8106428EEE7EC00789B4A /* IncomingMessage.swift in Sources */,
				08F04E4C28DF1DD4002D2A16 /* UIImage+circleMasked.swift in Sources */,
				08F04E4528DF1CCB002D2A16 /* UserCardFooterView.swift in Sources */,
				08B5DCCD28E723FA00EC0FE8 /* RecentChat.swift in Sources */,
				08B5DCC128E623D500EC0FE8 /* LikeTableViewCell.swift in Sources */,
				08DE162428E4942300F19FD6 /* NotificationsViewController.swift in Sources */,
				08F04E3628DDC916002D2A16 /* FileStorage.swift in Sources */,
				08F04E4E28DF1DF9002D2A16 /* UIView+Anchors&Shadow.swift in Sources */,
				08B3FEED28DC78D80008E317 /* NSAttributedString+Attributes.swift in Sources */,
				08F04E4328DF1603002D2A16 /* UserCardContentView.swift in Sources */,
				08D76F9C28E447C5007B43DA /* GlobalFunctions.swift in Sources */,
				08F2376A28DB1BAC00D7A511 /* RegisterViewController.swift in Sources */,
				08B5DCC528E62C9700EC0FE8 /* MatchViewController.swift in Sources */,
				08F04E3F28DF1115002D2A16 /* UserCardModel.swift in Sources */,
				08F2377328DB48EF00D7A511 /* FirebaseCollectionReference.swift in Sources */,
				08F04E4A28DF1DBD002D2A16 /* UIColor.swift in Sources */,
				08F04E4828DF1D9C002D2A16 /* Date+String&Interval.swift in Sources */,
				08D76F9A28E37B29007B43DA /* LikedObject.swift in Sources */,
				08B5DCC328E629B200EC0FE8 /* MatchObject.swift in Sources */,
				08B5DCC728E7040600EC0FE8 /* NewMatchCollectionViewCell.swift in Sources */,
				08F2376C28DB257800D7A511 /* FirebaseUser.swift in Sources */,
				08F2376828DB1B8E00D7A511 /* WelcomeViewController.swift in Sources */,
				08B5DCCB28E707F400EC0FE8 /* RecentViewController.swift in Sources */,
				08B3FEEF28DC8F910008E317 /* ProfileTableViewController.swift in Sources */,
				08F04E3928DEF74F002D2A16 /* CardViewController.swift in Sources */,
				08D76F9728E33972007B43DA /* ImageCollectionViewCell.swift in Sources */,
				08D76F9428E325AA007B43DA /* UserProfileTableViewController.swift in Sources */,
				08EBD2F028EAF59300C6E3E5 /* Message.swift in Sources */,
				08B8105E28EC604600789B4A /* MessageDefaults.swift in Sources */,
				088C90CA28DA33EB0032650A /* AppDelegate.swift in Sources */,
				08B5DCCF28E87D4100EC0FE8 /* ChatViewController.swift in Sources */,
				08F04E4128DF1171002D2A16 /* UserCardOverlay.swift in Sources */,
				08F04E3C28DF0EEB002D2A16 /* UserCard.swift in Sources */,
				08B5DCC928E705CB00EC0FE8 /* RecentTableViewCell.swift in Sources */,
				088C90CC28DA33EB0032650A /* SceneDelegate.swift in Sources */,
				08F2376E28DB40C000D7A511 /* Constants.swift in Sources */,
				08B8106228EDA9F800789B4A /* OutgoingMessage.swift in Sources */,
				08B8106028EC634400789B4A /* PhotoMessage.swift in Sources */,
				08B8105C28EC5F7300789B4A /* MKMessage.swift in Sources */,
			);
			runOnlyForDeploymentPostprocessing = 0;
		};
/* End PBXSourcesBuildPhase section */

/* Begin PBXVariantGroup section */
		088C90CF28DA33EB0032650A /* Main.storyboard */ = {
			isa = PBXVariantGroup;
			children = (
				088C90D028DA33EB0032650A /* Base */,
			);
			name = Main.storyboard;
			sourceTree = "<group>";
		};
		088C90D428DA33EC0032650A /* LaunchScreen.storyboard */ = {
			isa = PBXVariantGroup;
			children = (
				088C90D528DA33EC0032650A /* Base */,
			);
			name = LaunchScreen.storyboard;
			sourceTree = "<group>";
		};
/* End PBXVariantGroup section */

/* Begin XCBuildConfiguration section */
		088C90D828DA33ED0032650A /* Debug */ = {
			isa = XCBuildConfiguration;
			buildSettings = {
				ALWAYS_SEARCH_USER_PATHS = NO;
				CLANG_ANALYZER_NONNULL = YES;
				CLANG_ANALYZER_NUMBER_OBJECT_CONVERSION = YES_AGGRESSIVE;
				CLANG_CXX_LANGUAGE_STANDARD = "gnu++20";
				CLANG_ENABLE_MODULES = YES;
				CLANG_ENABLE_OBJC_ARC = YES;
				CLANG_ENABLE_OBJC_WEAK = YES;
				CLANG_WARN_BLOCK_CAPTURE_AUTORELEASING = YES;
				CLANG_WARN_BOOL_CONVERSION = YES;
				CLANG_WARN_COMMA = YES;
				CLANG_WARN_CONSTANT_CONVERSION = YES;
				CLANG_WARN_DEPRECATED_OBJC_IMPLEMENTATIONS = YES;
				CLANG_WARN_DIRECT_OBJC_ISA_USAGE = YES_ERROR;
				CLANG_WARN_DOCUMENTATION_COMMENTS = YES;
				CLANG_WARN_EMPTY_BODY = YES;
				CLANG_WARN_ENUM_CONVERSION = YES;
				CLANG_WARN_INFINITE_RECURSION = YES;
				CLANG_WARN_INT_CONVERSION = YES;
				CLANG_WARN_NON_LITERAL_NULL_CONVERSION = YES;
				CLANG_WARN_OBJC_IMPLICIT_RETAIN_SELF = YES;
				CLANG_WARN_OBJC_LITERAL_CONVERSION = YES;
				CLANG_WARN_OBJC_ROOT_CLASS = YES_ERROR;
				CLANG_WARN_QUOTED_INCLUDE_IN_FRAMEWORK_HEADER = YES;
				CLANG_WARN_RANGE_LOOP_ANALYSIS = YES;
				CLANG_WARN_STRICT_PROTOTYPES = YES;
				CLANG_WARN_SUSPICIOUS_MOVE = YES;
				CLANG_WARN_UNGUARDED_AVAILABILITY = YES_AGGRESSIVE;
				CLANG_WARN_UNREACHABLE_CODE = YES;
				CLANG_WARN__DUPLICATE_METHOD_MATCH = YES;
				COPY_PHASE_STRIP = NO;
				DEBUG_INFORMATION_FORMAT = dwarf;
				ENABLE_STRICT_OBJC_MSGSEND = YES;
				ENABLE_TESTABILITY = YES;
				GCC_C_LANGUAGE_STANDARD = gnu11;
				GCC_DYNAMIC_NO_PIC = NO;
				GCC_NO_COMMON_BLOCKS = YES;
				GCC_OPTIMIZATION_LEVEL = 0;
				GCC_PREPROCESSOR_DEFINITIONS = (
					"DEBUG=1",
					"$(inherited)",
				);
				GCC_WARN_64_TO_32_BIT_CONVERSION = YES;
				GCC_WARN_ABOUT_RETURN_TYPE = YES_ERROR;
				GCC_WARN_UNDECLARED_SELECTOR = YES;
				GCC_WARN_UNINITIALIZED_AUTOS = YES_AGGRESSIVE;
				GCC_WARN_UNUSED_FUNCTION = YES;
				GCC_WARN_UNUSED_VARIABLE = YES;
				IPHONEOS_DEPLOYMENT_TARGET = 16.0;
				MTL_ENABLE_DEBUG_INFO = INCLUDE_SOURCE;
				MTL_FAST_MATH = YES;
				ONLY_ACTIVE_ARCH = YES;
				SDKROOT = iphoneos;
				SWIFT_ACTIVE_COMPILATION_CONDITIONS = DEBUG;
				SWIFT_OPTIMIZATION_LEVEL = "-Onone";
			};
			name = Debug;
		};
		088C90D928DA33ED0032650A /* Release */ = {
			isa = XCBuildConfiguration;
			buildSettings = {
				ALWAYS_SEARCH_USER_PATHS = NO;
				CLANG_ANALYZER_NONNULL = YES;
				CLANG_ANALYZER_NUMBER_OBJECT_CONVERSION = YES_AGGRESSIVE;
				CLANG_CXX_LANGUAGE_STANDARD = "gnu++20";
				CLANG_ENABLE_MODULES = YES;
				CLANG_ENABLE_OBJC_ARC = YES;
				CLANG_ENABLE_OBJC_WEAK = YES;
				CLANG_WARN_BLOCK_CAPTURE_AUTORELEASING = YES;
				CLANG_WARN_BOOL_CONVERSION = YES;
				CLANG_WARN_COMMA = YES;
				CLANG_WARN_CONSTANT_CONVERSION = YES;
				CLANG_WARN_DEPRECATED_OBJC_IMPLEMENTATIONS = YES;
				CLANG_WARN_DIRECT_OBJC_ISA_USAGE = YES_ERROR;
				CLANG_WARN_DOCUMENTATION_COMMENTS = YES;
				CLANG_WARN_EMPTY_BODY = YES;
				CLANG_WARN_ENUM_CONVERSION = YES;
				CLANG_WARN_INFINITE_RECURSION = YES;
				CLANG_WARN_INT_CONVERSION = YES;
				CLANG_WARN_NON_LITERAL_NULL_CONVERSION = YES;
				CLANG_WARN_OBJC_IMPLICIT_RETAIN_SELF = YES;
				CLANG_WARN_OBJC_LITERAL_CONVERSION = YES;
				CLANG_WARN_OBJC_ROOT_CLASS = YES_ERROR;
				CLANG_WARN_QUOTED_INCLUDE_IN_FRAMEWORK_HEADER = YES;
				CLANG_WARN_RANGE_LOOP_ANALYSIS = YES;
				CLANG_WARN_STRICT_PROTOTYPES = YES;
				CLANG_WARN_SUSPICIOUS_MOVE = YES;
				CLANG_WARN_UNGUARDED_AVAILABILITY = YES_AGGRESSIVE;
				CLANG_WARN_UNREACHABLE_CODE = YES;
				CLANG_WARN__DUPLICATE_METHOD_MATCH = YES;
				COPY_PHASE_STRIP = NO;
				DEBUG_INFORMATION_FORMAT = "dwarf-with-dsym";
				ENABLE_NS_ASSERTIONS = NO;
				ENABLE_STRICT_OBJC_MSGSEND = YES;
				GCC_C_LANGUAGE_STANDARD = gnu11;
				GCC_NO_COMMON_BLOCKS = YES;
				GCC_WARN_64_TO_32_BIT_CONVERSION = YES;
				GCC_WARN_ABOUT_RETURN_TYPE = YES_ERROR;
				GCC_WARN_UNDECLARED_SELECTOR = YES;
				GCC_WARN_UNINITIALIZED_AUTOS = YES_AGGRESSIVE;
				GCC_WARN_UNUSED_FUNCTION = YES;
				GCC_WARN_UNUSED_VARIABLE = YES;
				IPHONEOS_DEPLOYMENT_TARGET = 16.0;
				MTL_ENABLE_DEBUG_INFO = NO;
				MTL_FAST_MATH = YES;
				SDKROOT = iphoneos;
				SWIFT_COMPILATION_MODE = wholemodule;
				SWIFT_OPTIMIZATION_LEVEL = "-O";
				VALIDATE_PRODUCT = YES;
			};
			name = Release;
		};
		088C90DB28DA33ED0032650A /* Debug */ = {
			isa = XCBuildConfiguration;
			baseConfigurationReference = BACB25E1D5B08FD9F15343F1 /* Pods-Grinder.debug.xcconfig */;
			buildSettings = {
				ASSETCATALOG_COMPILER_APPICON_NAME = AppIcon;
				ASSETCATALOG_COMPILER_GLOBAL_ACCENT_COLOR_NAME = AccentColor;
				CODE_SIGN_STYLE = Automatic;
				CURRENT_PROJECT_VERSION = 1;
				DEVELOPMENT_TEAM = 9PF2GLF6PD;
				GENERATE_INFOPLIST_FILE = YES;
				INFOPLIST_FILE = Grinder/Info.plist;
				INFOPLIST_KEY_UIApplicationSupportsIndirectInputEvents = YES;
				INFOPLIST_KEY_UILaunchStoryboardName = LaunchScreen;
				INFOPLIST_KEY_UIMainStoryboardFile = Main;
				INFOPLIST_KEY_UISupportedInterfaceOrientations_iPad = "UIInterfaceOrientationPortrait UIInterfaceOrientationPortraitUpsideDown UIInterfaceOrientationLandscapeLeft UIInterfaceOrientationLandscapeRight";
				INFOPLIST_KEY_UISupportedInterfaceOrientations_iPhone = "UIInterfaceOrientationPortrait UIInterfaceOrientationLandscapeLeft UIInterfaceOrientationLandscapeRight";
				LD_RUNPATH_SEARCH_PATHS = (
					"$(inherited)",
					"@executable_path/Frameworks",
				);
				MARKETING_VERSION = 1.0;
				PRODUCT_BUNDLE_IDENTIFIER = com.Beavean.Anthony.Grinder;
				PRODUCT_NAME = "$(TARGET_NAME)";
				SWIFT_EMIT_LOC_STRINGS = YES;
				SWIFT_VERSION = 5.0;
				TARGETED_DEVICE_FAMILY = "1,2";
			};
			name = Debug;
		};
		088C90DC28DA33ED0032650A /* Release */ = {
			isa = XCBuildConfiguration;
			baseConfigurationReference = B55D16C9FFCEC406AD52C95C /* Pods-Grinder.release.xcconfig */;
			buildSettings = {
				ASSETCATALOG_COMPILER_APPICON_NAME = AppIcon;
				ASSETCATALOG_COMPILER_GLOBAL_ACCENT_COLOR_NAME = AccentColor;
				CODE_SIGN_STYLE = Automatic;
				CURRENT_PROJECT_VERSION = 1;
				DEVELOPMENT_TEAM = 9PF2GLF6PD;
				GENERATE_INFOPLIST_FILE = YES;
				INFOPLIST_FILE = Grinder/Info.plist;
				INFOPLIST_KEY_UIApplicationSupportsIndirectInputEvents = YES;
				INFOPLIST_KEY_UILaunchStoryboardName = LaunchScreen;
				INFOPLIST_KEY_UIMainStoryboardFile = Main;
				INFOPLIST_KEY_UISupportedInterfaceOrientations_iPad = "UIInterfaceOrientationPortrait UIInterfaceOrientationPortraitUpsideDown UIInterfaceOrientationLandscapeLeft UIInterfaceOrientationLandscapeRight";
				INFOPLIST_KEY_UISupportedInterfaceOrientations_iPhone = "UIInterfaceOrientationPortrait UIInterfaceOrientationLandscapeLeft UIInterfaceOrientationLandscapeRight";
				LD_RUNPATH_SEARCH_PATHS = (
					"$(inherited)",
					"@executable_path/Frameworks",
				);
				MARKETING_VERSION = 1.0;
				PRODUCT_BUNDLE_IDENTIFIER = com.Beavean.Anthony.Grinder;
				PRODUCT_NAME = "$(TARGET_NAME)";
				SWIFT_EMIT_LOC_STRINGS = YES;
				SWIFT_VERSION = 5.0;
				TARGETED_DEVICE_FAMILY = "1,2";
			};
			name = Release;
		};
/* End XCBuildConfiguration section */

/* Begin XCConfigurationList section */
		088C90C128DA33EB0032650A /* Build configuration list for PBXProject "Grinder" */ = {
			isa = XCConfigurationList;
			buildConfigurations = (
				088C90D828DA33ED0032650A /* Debug */,
				088C90D928DA33ED0032650A /* Release */,
			);
			defaultConfigurationIsVisible = 0;
			defaultConfigurationName = Release;
		};
		088C90DA28DA33ED0032650A /* Build configuration list for PBXNativeTarget "Grinder" */ = {
			isa = XCConfigurationList;
			buildConfigurations = (
				088C90DB28DA33ED0032650A /* Debug */,
				088C90DC28DA33ED0032650A /* Release */,
			);
			defaultConfigurationIsVisible = 0;
			defaultConfigurationName = Release;
		};
/* End XCConfigurationList section */
	};
	rootObject = 088C90BE28DA33EB0032650A /* Project object */;
}
